
Microsoft Visual Studio Solution File, Format Version 12.00
# Visual Studio Version 16
VisualStudioVersion = 16.0.32126.315
MinimumVisualStudioVersion = 10.0.40219.1
Project("{FAE04EC0-301F-11D3-BF4B-00C04F79EFBC}") = "Bai05", "Bai05\Bai05.csproj", "{957CEEF7-BDD9-4410-AF98-6256CFC46286}"
EndProject
Global
	GlobalSection(SolutionConfigurationPlatforms) = preSolution
		Debug|Any CPU = Debug|Any CPU
		Release|Any CPU = Release|Any CPU
	EndGlobalSection
	GlobalSection(ProjectConfigurationPlatforms) = postSolution
		{957CEEF7-BDD9-4410-AF98-6256CFC46286}.Debug|Any CPU.ActiveCfg = Debug|Any CPU
		{957CEEF7-BDD9-4410-AF98-6256CFC46286}.Debug|Any CPU.Build.0 = Debug|Any CPU
		{957CEEF7-BDD9-4410-AF98-6256CFC46286}.Release|Any CPU.ActiveCfg = Release|Any CPU
		{957CEEF7-BDD9-4410-AF98-6256CFC46286}.Release|Any CPU.Build.0 = Release|Any CPU
	EndGlobalSection
	GlobalSection(SolutionProperties) = preSolution
		HideSolutionNode = FALSE
	EndGlobalSection
	GlobalSection(ExtensibilityGlobals) = postSolution
		SolutionGuid = {8920A12B-AE42-45C4-8C0C-A3CC5C4A80EB}
	EndGlobalSection
EndGlobal
