
Microsoft Visual Studio Solution File, Format Version 12.00
# Visual Studio Version 16
VisualStudioVersion = 16.0.31005.135
MinimumVisualStudioVersion = 10.0.40219.1
Project("{FAE04EC0-301F-11D3-BF4B-00C04F79EFBC}") = "MasterPages", "MasterPages\MasterPages.csproj", "{C1C872BD-9507-4564-882C-2ACE33F07779}"
EndProject
Global
	GlobalSection(SolutionConfigurationPlatforms) = preSolution
		Debug|Any CPU = Debug|Any CPU
		Release|Any CPU = Release|Any CPU
	EndGlobalSection
	GlobalSection(ProjectConfigurationPlatforms) = postSolution
		{C1C872BD-9507-4564-882C-2ACE33F07779}.Debug|Any CPU.ActiveCfg = Debug|Any CPU
		{C1C872BD-9507-4564-882C-2ACE33F07779}.Debug|Any CPU.Build.0 = Debug|Any CPU
		{C1C872BD-9507-4564-882C-2ACE33F07779}.Release|Any CPU.ActiveCfg = Release|Any CPU
		{C1C872BD-9507-4564-882C-2ACE33F07779}.Release|Any CPU.Build.0 = Release|Any CPU
	EndGlobalSection
	GlobalSection(SolutionProperties) = preSolution
		HideSolutionNode = FALSE
	EndGlobalSection
	GlobalSection(ExtensibilityGlobals) = postSolution
		SolutionGuid = {D6E38851-262D-4690-94D2-4A6F83EC4F79}
	EndGlobalSection
EndGlobal
